// !$*UTF8*$!
{
	archiveVersion = 1;
	classes = {
	};
	objectVersion = 48;
	objects = {

/* Begin PBXBuildFile section */
		0895CBDD6C6C65EC64FF136A /* libPods-CIWorkSpaceDemoTests.a in Frameworks */ = {isa = PBXBuildFile; fileRef = 6CB7D7420ACB6DBF9AB0401C /* libPods-CIWorkSpaceDemoTests.a */; };
		600E80EC467FEADFB2E620FE /* libPods-CIWorkSpaceDemoUITests.a in Frameworks */ = {isa = PBXBuildFile; fileRef = 748E60AB46BF9EED3655C98E /* libPods-CIWorkSpaceDemoUITests.a */; };
		7DE579A9BE2577B89C25192D /* libPods-CIWorkSpaceDemo.a in Frameworks */ = {isa = PBXBuildFile; fileRef = 7D3744580D0063764B5E93CE /* libPods-CIWorkSpaceDemo.a */; };
		E617241D20FB3B4100EF0520 /* AppDelegate.m in Sources */ = {isa = PBXBuildFile; fileRef = E617241C20FB3B4100EF0520 /* AppDelegate.m */; };
		E617242020FB3B4100EF0520 /* ViewController.m in Sources */ = {isa = PBXBuildFile; fileRef = E617241F20FB3B4100EF0520 /* ViewController.m */; };
		E617242320FB3B4100EF0520 /* Main.storyboard in Resources */ = {isa = PBXBuildFile; fileRef = E617242120FB3B4100EF0520 /* Main.storyboard */; };
		E617242520FB3B4100EF0520 /* Assets.xcassets in Resources */ = {isa = PBXBuildFile; fileRef = E617242420FB3B4100EF0520 /* Assets.xcassets */; };
		E617242820FB3B4100EF0520 /* LaunchScreen.storyboard in Resources */ = {isa = PBXBuildFile; fileRef = E617242620FB3B4100EF0520 /* LaunchScreen.storyboard */; };
		E617242B20FB3B4100EF0520 /* main.m in Sources */ = {isa = PBXBuildFile; fileRef = E617242A20FB3B4100EF0520 /* main.m */; };
		E617243520FB3B4100EF0520 /* CIWorkSpaceDemoTests.m in Sources */ = {isa = PBXBuildFile; fileRef = E617243420FB3B4100EF0520 /* CIWorkSpaceDemoTests.m */; };
		E617244020FB3B4100EF0520 /* CIWorkSpaceDemoUITests.m in Sources */ = {isa = PBXBuildFile; fileRef = E617243F20FB3B4100EF0520 /* CIWorkSpaceDemoUITests.m */; };
/* End PBXBuildFile section */

/* Begin PBXContainerItemProxy section */
		E617243120FB3B4100EF0520 /* PBXContainerItemProxy */ = {
			isa = PBXContainerItemProxy;
			containerPortal = E617241020FB3B4100EF0520 /* Project object */;
			proxyType = 1;
			remoteGlobalIDString = E617241720FB3B4100EF0520;
			remoteInfo = CIWorkSpaceDemo;
		};
		E617243C20FB3B4100EF0520 /* PBXContainerItemProxy */ = {
			isa = PBXContainerItemProxy;
			containerPortal = E617241020FB3B4100EF0520 /* Project object */;
			proxyType = 1;
			remoteGlobalIDString = E617241720FB3B4100EF0520;
			remoteInfo = CIWorkSpaceDemo;
		};
/* End PBXContainerItemProxy section */

/* Begin PBXFileReference section */
		36A2295498F354F99BE24E12 /* Pods-CIWorkSpaceDemoTests.release.xcconfig */ = {isa = PBXFileReference; includeInIndex = 1; lastKnownFileType = text.xcconfig; name = "Pods-CIWorkSpaceDemoTests.release.xcconfig"; path = "Pods/Target Support Files/Pods-CIWorkSpaceDemoTests/Pods-CIWorkSpaceDemoTests.release.xcconfig"; sourceTree = "<group>"; };
		500F886D65BDC9F6C0DB44AC /* Pods-CIWorkSpaceDemo.release.xcconfig */ = {isa = PBXFileReference; includeInIndex = 1; lastKnownFileType = text.xcconfig; name = "Pods-CIWorkSpaceDemo.release.xcconfig"; path = "Pods/Target Support Files/Pods-CIWorkSpaceDemo/Pods-CIWorkSpaceDemo.release.xcconfig"; sourceTree = "<group>"; };
		58FC6851034259A2F0F06477 /* Pods-CIWorkSpaceDemoUITests.debug.xcconfig */ = {isa = PBXFileReference; includeInIndex = 1; lastKnownFileType = text.xcconfig; name = "Pods-CIWorkSpaceDemoUITests.debug.xcconfig"; path = "Pods/Target Support Files/Pods-CIWorkSpaceDemoUITests/Pods-CIWorkSpaceDemoUITests.debug.xcconfig"; sourceTree = "<group>"; };
		5D08A44AF6968504AE5FBB9B /* Pods-CIWorkSpaceDemoTests.debug.xcconfig */ = {isa = PBXFileReference; includeInIndex = 1; lastKnownFileType = text.xcconfig; name = "Pods-CIWorkSpaceDemoTests.debug.xcconfig"; path = "Pods/Target Support Files/Pods-CIWorkSpaceDemoTests/Pods-CIWorkSpaceDemoTests.debug.xcconfig"; sourceTree = "<group>"; };
		6CB7D7420ACB6DBF9AB0401C /* libPods-CIWorkSpaceDemoTests.a */ = {isa = PBXFileReference; explicitFileType = archive.ar; includeInIndex = 0; path = "libPods-CIWorkSpaceDemoTests.a"; sourceTree = BUILT_PRODUCTS_DIR; };
		748E60AB46BF9EED3655C98E /* libPods-CIWorkSpaceDemoUITests.a */ = {isa = PBXFileReference; explicitFileType = archive.ar; includeInIndex = 0; path = "libPods-CIWorkSpaceDemoUITests.a"; sourceTree = BUILT_PRODUCTS_DIR; };
		7D3744580D0063764B5E93CE /* libPods-CIWorkSpaceDemo.a */ = {isa = PBXFileReference; explicitFileType = archive.ar; includeInIndex = 0; path = "libPods-CIWorkSpaceDemo.a"; sourceTree = BUILT_PRODUCTS_DIR; };
		D3AA87C6C69265906AB68119 /* Pods-CIWorkSpaceDemo.debug.xcconfig */ = {isa = PBXFileReference; includeInIndex = 1; lastKnownFileType = text.xcconfig; name = "Pods-CIWorkSpaceDemo.debug.xcconfig"; path = "Pods/Target Support Files/Pods-CIWorkSpaceDemo/Pods-CIWorkSpaceDemo.debug.xcconfig"; sourceTree = "<group>"; };
		E617241820FB3B4100EF0520 /* CIWorkSpaceDemo.app */ = {isa = PBXFileReference; explicitFileType = wrapper.application; includeInIndex = 0; path = CIWorkSpaceDemo.app; sourceTree = BUILT_PRODUCTS_DIR; };
		E617241B20FB3B4100EF0520 /* AppDelegate.h */ = {isa = PBXFileReference; lastKnownFileType = sourcecode.c.h; path = AppDelegate.h; sourceTree = "<group>"; };
		E617241C20FB3B4100EF0520 /* AppDelegate.m */ = {isa = PBXFileReference; lastKnownFileType = sourcecode.c.objc; path = AppDelegate.m; sourceTree = "<group>"; };
		E617241E20FB3B4100EF0520 /* ViewController.h */ = {isa = PBXFileReference; lastKnownFileType = sourcecode.c.h; path = ViewController.h; sourceTree = "<group>"; };
		E617241F20FB3B4100EF0520 /* ViewController.m */ = {isa = PBXFileReference; lastKnownFileType = sourcecode.c.objc; path = ViewController.m; sourceTree = "<group>"; };
		E617242220FB3B4100EF0520 /* Base */ = {isa = PBXFileReference; lastKnownFileType = file.storyboard; name = Base; path = Base.lproj/Main.storyboard; sourceTree = "<group>"; };
		E617242420FB3B4100EF0520 /* Assets.xcassets */ = {isa = PBXFileReference; lastKnownFileType = folder.assetcatalog; path = Assets.xcassets; sourceTree = "<group>"; };
		E617242720FB3B4100EF0520 /* Base */ = {isa = PBXFileReference; lastKnownFileType = file.storyboard; name = Base; path = Base.lproj/LaunchScreen.storyboard; sourceTree = "<group>"; };
		E617242920FB3B4100EF0520 /* Info.plist */ = {isa = PBXFileReference; lastKnownFileType = text.plist.xml; path = Info.plist; sourceTree = "<group>"; };
		E617242A20FB3B4100EF0520 /* main.m */ = {isa = PBXFileReference; lastKnownFileType = sourcecode.c.objc; path = main.m; sourceTree = "<group>"; };
		E617243020FB3B4100EF0520 /* CIWorkSpaceDemoTests.xctest */ = {isa = PBXFileReference; explicitFileType = wrapper.cfbundle; includeInIndex = 0; path = CIWorkSpaceDemoTests.xctest; sourceTree = BUILT_PRODUCTS_DIR; };
		E617243420FB3B4100EF0520 /* CIWorkSpaceDemoTests.m */ = {isa = PBXFileReference; lastKnownFileType = sourcecode.c.objc; path = CIWorkSpaceDemoTests.m; sourceTree = "<group>"; };
		E617243620FB3B4100EF0520 /* Info.plist */ = {isa = PBXFileReference; lastKnownFileType = text.plist.xml; path = Info.plist; sourceTree = "<group>"; };
		E617243B20FB3B4100EF0520 /* CIWorkSpaceDemoUITests.xctest */ = {isa = PBXFileReference; explicitFileType = wrapper.cfbundle; includeInIndex = 0; path = CIWorkSpaceDemoUITests.xctest; sourceTree = BUILT_PRODUCTS_DIR; };
		E617243F20FB3B4100EF0520 /* CIWorkSpaceDemoUITests.m */ = {isa = PBXFileReference; lastKnownFileType = sourcecode.c.objc; path = CIWorkSpaceDemoUITests.m; sourceTree = "<group>"; };
		E617244120FB3B4100EF0520 /* Info.plist */ = {isa = PBXFileReference; lastKnownFileType = text.plist.xml; path = Info.plist; sourceTree = "<group>"; };
		FD8A90711D7D1A4DA5F3C790 /* Pods-CIWorkSpaceDemoUITests.release.xcconfig */ = {isa = PBXFileReference; includeInIndex = 1; lastKnownFileType = text.xcconfig; name = "Pods-CIWorkSpaceDemoUITests.release.xcconfig"; path = "Pods/Target Support Files/Pods-CIWorkSpaceDemoUITests/Pods-CIWorkSpaceDemoUITests.release.xcconfig"; sourceTree = "<group>"; };
/* End PBXFileReference section */

/* Begin PBXFrameworksBuildPhase section */
		E617241520FB3B4100EF0520 /* Frameworks */ = {
			isa = PBXFrameworksBuildPhase;
			buildActionMask = 2147483647;
			files = (
				7DE579A9BE2577B89C25192D /* libPods-CIWorkSpaceDemo.a in Frameworks */,
			);
			runOnlyForDeploymentPostprocessing = 0;
		};
		E617242D20FB3B4100EF0520 /* Frameworks */ = {
			isa = PBXFrameworksBuildPhase;
			buildActionMask = 2147483647;
			files = (
				0895CBDD6C6C65EC64FF136A /* libPods-CIWorkSpaceDemoTests.a in Frameworks */,
			);
			runOnlyForDeploymentPostprocessing = 0;
		};
		E617243820FB3B4100EF0520 /* Frameworks */ = {
			isa = PBXFrameworksBuildPhase;
			buildActionMask = 2147483647;
			files = (
				600E80EC467FEADFB2E620FE /* libPods-CIWorkSpaceDemoUITests.a in Frameworks */,
			);
			runOnlyForDeploymentPostprocessing = 0;
		};
/* End PBXFrameworksBuildPhase section */

/* Begin PBXGroup section */
		7AA644289D548DEC7F209C3E /* Pods */ = {
			isa = PBXGroup;
			children = (
				D3AA87C6C69265906AB68119 /* Pods-CIWorkSpaceDemo.debug.xcconfig */,
				500F886D65BDC9F6C0DB44AC /* Pods-CIWorkSpaceDemo.release.xcconfig */,
				5D08A44AF6968504AE5FBB9B /* Pods-CIWorkSpaceDemoTests.debug.xcconfig */,
				36A2295498F354F99BE24E12 /* Pods-CIWorkSpaceDemoTests.release.xcconfig */,
				58FC6851034259A2F0F06477 /* Pods-CIWorkSpaceDemoUITests.debug.xcconfig */,
				FD8A90711D7D1A4DA5F3C790 /* Pods-CIWorkSpaceDemoUITests.release.xcconfig */,
			);
			name = Pods;
			sourceTree = "<group>";
		};
		CED65CCF4EC4DF28521C6F0E /* Frameworks */ = {
			isa = PBXGroup;
			children = (
				7D3744580D0063764B5E93CE /* libPods-CIWorkSpaceDemo.a */,
				6CB7D7420ACB6DBF9AB0401C /* libPods-CIWorkSpaceDemoTests.a */,
				748E60AB46BF9EED3655C98E /* libPods-CIWorkSpaceDemoUITests.a */,
			);
			name = Frameworks;
			sourceTree = "<group>";
		};
		E617240F20FB3B4100EF0520 = {
			isa = PBXGroup;
			children = (
				E617241A20FB3B4100EF0520 /* CIWorkSpaceDemo */,
				E617243320FB3B4100EF0520 /* CIWorkSpaceDemoTests */,
				E617243E20FB3B4100EF0520 /* CIWorkSpaceDemoUITests */,
				E617241920FB3B4100EF0520 /* Products */,
				7AA644289D548DEC7F209C3E /* Pods */,
				CED65CCF4EC4DF28521C6F0E /* Frameworks */,
			);
			sourceTree = "<group>";
		};
		E617241920FB3B4100EF0520 /* Products */ = {
			isa = PBXGroup;
			children = (
				E617241820FB3B4100EF0520 /* CIWorkSpaceDemo.app */,
				E617243020FB3B4100EF0520 /* CIWorkSpaceDemoTests.xctest */,
				E617243B20FB3B4100EF0520 /* CIWorkSpaceDemoUITests.xctest */,
			);
			name = Products;
			sourceTree = "<group>";
		};
		E617241A20FB3B4100EF0520 /* CIWorkSpaceDemo */ = {
			isa = PBXGroup;
			children = (
				E617241B20FB3B4100EF0520 /* AppDelegate.h */,
				E617241C20FB3B4100EF0520 /* AppDelegate.m */,
				E617241E20FB3B4100EF0520 /* ViewController.h */,
				E617241F20FB3B4100EF0520 /* ViewController.m */,
				E617242120FB3B4100EF0520 /* Main.storyboard */,
				E617242420FB3B4100EF0520 /* Assets.xcassets */,
				E617242620FB3B4100EF0520 /* LaunchScreen.storyboard */,
				E617242920FB3B4100EF0520 /* Info.plist */,
				E617242A20FB3B4100EF0520 /* main.m */,
			);
			path = CIWorkSpaceDemo;
			sourceTree = "<group>";
		};
		E617243320FB3B4100EF0520 /* CIWorkSpaceDemoTests */ = {
			isa = PBXGroup;
			children = (
				E617243420FB3B4100EF0520 /* CIWorkSpaceDemoTests.m */,
				E617243620FB3B4100EF0520 /* Info.plist */,
			);
			path = CIWorkSpaceDemoTests;
			sourceTree = "<group>";
		};
		E617243E20FB3B4100EF0520 /* CIWorkSpaceDemoUITests */ = {
			isa = PBXGroup;
			children = (
				E617243F20FB3B4100EF0520 /* CIWorkSpaceDemoUITests.m */,
				E617244120FB3B4100EF0520 /* Info.plist */,
			);
			path = CIWorkSpaceDemoUITests;
			sourceTree = "<group>";
		};
/* End PBXGroup section */

/* Begin PBXNativeTarget section */
		E617241720FB3B4100EF0520 /* CIWorkSpaceDemo */ = {
			isa = PBXNativeTarget;
			buildConfigurationList = E617244420FB3B4100EF0520 /* Build configuration list for PBXNativeTarget "CIWorkSpaceDemo" */;
			buildPhases = (
				EC56AB5D03C6CFB36039BAEA /* [CP] Check Pods Manifest.lock */,
				E617241420FB3B4100EF0520 /* Sources */,
				E617241520FB3B4100EF0520 /* Frameworks */,
				E617241620FB3B4100EF0520 /* Resources */,
			);
			buildRules = (
			);
			dependencies = (
			);
			name = CIWorkSpaceDemo;
			productName = CIWorkSpaceDemo;
			productReference = E617241820FB3B4100EF0520 /* CIWorkSpaceDemo.app */;
			productType = "com.apple.product-type.application";
		};
		E617242F20FB3B4100EF0520 /* CIWorkSpaceDemoTests */ = {
			isa = PBXNativeTarget;
			buildConfigurationList = E617244720FB3B4100EF0520 /* Build configuration list for PBXNativeTarget "CIWorkSpaceDemoTests" */;
			buildPhases = (
				9F92EB5AEA7FD294B4006B83 /* [CP] Check Pods Manifest.lock */,
				E617242C20FB3B4100EF0520 /* Sources */,
				E617242D20FB3B4100EF0520 /* Frameworks */,
				E617242E20FB3B4100EF0520 /* Resources */,
			);
			buildRules = (
			);
			dependencies = (
				E617243220FB3B4100EF0520 /* PBXTargetDependency */,
			);
			name = CIWorkSpaceDemoTests;
			productName = CIWorkSpaceDemoTests;
			productReference = E617243020FB3B4100EF0520 /* CIWorkSpaceDemoTests.xctest */;
			productType = "com.apple.product-type.bundle.unit-test";
		};
		E617243A20FB3B4100EF0520 /* CIWorkSpaceDemoUITests */ = {
			isa = PBXNativeTarget;
			buildConfigurationList = E617244A20FB3B4100EF0520 /* Build configuration list for PBXNativeTarget "CIWorkSpaceDemoUITests" */;
			buildPhases = (
				611D1C96E322D54318050176 /* [CP] Check Pods Manifest.lock */,
				E617243720FB3B4100EF0520 /* Sources */,
				E617243820FB3B4100EF0520 /* Frameworks */,
				E617243920FB3B4100EF0520 /* Resources */,
			);
			buildRules = (
			);
			dependencies = (
				E617243D20FB3B4100EF0520 /* PBXTargetDependency */,
			);
			name = CIWorkSpaceDemoUITests;
			productName = CIWorkSpaceDemoUITests;
			productReference = E617243B20FB3B4100EF0520 /* CIWorkSpaceDemoUITests.xctest */;
			productType = "com.apple.product-type.bundle.ui-testing";
		};
/* End PBXNativeTarget section */

/* Begin PBXProject section */
		E617241020FB3B4100EF0520 /* Project object */ = {
			isa = PBXProject;
			attributes = {
				LastUpgradeCheck = 0910;
				ORGANIZATIONNAME = "韩小猫爱吃鱼";
				TargetAttributes = {
					E617241720FB3B4100EF0520 = {
						CreatedOnToolsVersion = 9.1;
						ProvisioningStyle = Automatic;
					};
					E617242F20FB3B4100EF0520 = {
						CreatedOnToolsVersion = 9.1;
						ProvisioningStyle = Automatic;
						TestTargetID = E617241720FB3B4100EF0520;
					};
					E617243A20FB3B4100EF0520 = {
						CreatedOnToolsVersion = 9.1;
						ProvisioningStyle = Automatic;
						TestTargetID = E617241720FB3B4100EF0520;
					};
				};
			};
			buildConfigurationList = E617241320FB3B4100EF0520 /* Build configuration list for PBXProject "CIWorkSpaceDemo" */;
			compatibilityVersion = "Xcode 8.0";
			developmentRegion = en;
			hasScannedForEncodings = 0;
			knownRegions = (
				en,
				Base,
			);
			mainGroup = E617240F20FB3B4100EF0520;
			productRefGroup = E617241920FB3B4100EF0520 /* Products */;
			projectDirPath = "";
			projectRoot = "";
			targets = (
				E617241720FB3B4100EF0520 /* CIWorkSpaceDemo */,
				E617242F20FB3B4100EF0520 /* CIWorkSpaceDemoTests */,
				E617243A20FB3B4100EF0520 /* CIWorkSpaceDemoUITests */,
			);
		};
/* End PBXProject section */

/* Begin PBXResourcesBuildPhase section */
		E617241620FB3B4100EF0520 /* Resources */ = {
			isa = PBXResourcesBuildPhase;
			buildActionMask = 2147483647;
			files = (
				E617242820FB3B4100EF0520 /* LaunchScreen.storyboard in Resources */,
				E617242520FB3B4100EF0520 /* Assets.xcassets in Resources */,
				E617242320FB3B4100EF0520 /* Main.storyboard in Resources */,
			);
			runOnlyForDeploymentPostprocessing = 0;
		};
		E617242E20FB3B4100EF0520 /* Resources */ = {
			isa = PBXResourcesBuildPhase;
			buildActionMask = 2147483647;
			files = (
			);
			runOnlyForDeploymentPostprocessing = 0;
		};
		E617243920FB3B4100EF0520 /* Resources */ = {
			isa = PBXResourcesBuildPhase;
			buildActionMask = 2147483647;
			files = (
			);
			runOnlyForDeploymentPostprocessing = 0;
		};
/* End PBXResourcesBuildPhase section */

/* Begin PBXShellScriptBuildPhase section */
		611D1C96E322D54318050176 /* [CP] Check Pods Manifest.lock */ = {
			isa = PBXShellScriptBuildPhase;
			buildActionMask = 2147483647;
			files = (
			);
			inputPaths = (
				"${PODS_PODFILE_DIR_PATH}/Podfile.lock",
				"${PODS_ROOT}/Manifest.lock",
			);
			name = "[CP] Check Pods Manifest.lock";
			outputPaths = (
				"$(DERIVED_FILE_DIR)/Pods-CIWorkSpaceDemoUITests-checkManifestLockResult.txt",
			);
			runOnlyForDeploymentPostprocessing = 0;
			shellPath = /bin/sh;
			shellScript = "diff \"${PODS_PODFILE_DIR_PATH}/Podfile.lock\" \"${PODS_ROOT}/Manifest.lock\" > /dev/null\nif [ $? != 0 ] ; then\n    # print error to STDERR\n    echo \"error: The sandbox is not in sync with the Podfile.lock. Run 'pod install' or update your CocoaPods installation.\" >&2\n    exit 1\nfi\n# This output is used by Xcode 'outputs' to avoid re-running this script phase.\necho \"SUCCESS\" > \"${SCRIPT_OUTPUT_FILE_0}\"\n";
			showEnvVarsInLog = 0;
		};
		9F92EB5AEA7FD294B4006B83 /* [CP] Check Pods Manifest.lock */ = {
			isa = PBXShellScriptBuildPhase;
			buildActionMask = 2147483647;
			files = (
			);
			inputPaths = (
				"${PODS_PODFILE_DIR_PATH}/Podfile.lock",
				"${PODS_ROOT}/Manifest.lock",
			);
			name = "[CP] Check Pods Manifest.lock";
			outputPaths = (
				"$(DERIVED_FILE_DIR)/Pods-CIWorkSpaceDemoTests-checkManifestLockResult.txt",
			);
			runOnlyForDeploymentPostprocessing = 0;
			shellPath = /bin/sh;
			shellScript = "diff \"${PODS_PODFILE_DIR_PATH}/Podfile.lock\" \"${PODS_ROOT}/Manifest.lock\" > /dev/null\nif [ $? != 0 ] ; then\n    # print error to STDERR\n    echo \"error: The sandbox is not in sync with the Podfile.lock. Run 'pod install' or update your CocoaPods installation.\" >&2\n    exit 1\nfi\n# This output is used by Xcode 'outputs' to avoid re-running this script phase.\necho \"SUCCESS\" > \"${SCRIPT_OUTPUT_FILE_0}\"\n";
			showEnvVarsInLog = 0;
		};
		EC56AB5D03C6CFB36039BAEA /* [CP] Check Pods Manifest.lock */ = {
			isa = PBXShellScriptBuildPhase;
			buildActionMask = 2147483647;
			files = (
			);
			inputPaths = (
				"${PODS_PODFILE_DIR_PATH}/Podfile.lock",
				"${PODS_ROOT}/Manifest.lock",
			);
			name = "[CP] Check Pods Manifest.lock";
			outputPaths = (
				"$(DERIVED_FILE_DIR)/Pods-CIWorkSpaceDemo-checkManifestLockResult.txt",
			);
			runOnlyForDeploymentPostprocessing = 0;
			shellPath = /bin/sh;
			shellScript = "diff \"${PODS_PODFILE_DIR_PATH}/Podfile.lock\" \"${PODS_ROOT}/Manifest.lock\" > /dev/null\nif [ $? != 0 ] ; then\n    # print error to STDERR\n    echo \"error: The sandbox is not in sync with the Podfile.lock. Run 'pod install' or update your CocoaPods installation.\" >&2\n    exit 1\nfi\n# This output is used by Xcode 'outputs' to avoid re-running this script phase.\necho \"SUCCESS\" > \"${SCRIPT_OUTPUT_FILE_0}\"\n";
			showEnvVarsInLog = 0;
		};
/* End PBXShellScriptBuildPhase section */

/* Begin PBXSourcesBuildPhase section */
		E617241420FB3B4100EF0520 /* Sources */ = {
			isa = PBXSourcesBuildPhase;
			buildActionMask = 2147483647;
			files = (
				E617242020FB3B4100EF0520 /* ViewController.m in Sources */,
				E617242B20FB3B4100EF0520 /* main.m in Sources */,
				E617241D20FB3B4100EF0520 /* AppDelegate.m in Sources */,
			);
			runOnlyForDeploymentPostprocessing = 0;
		};
		E617242C20FB3B4100EF0520 /* Sources */ = {
			isa = PBXSourcesBuildPhase;
			buildActionMask = 2147483647;
			files = (
				E617243520FB3B4100EF0520 /* CIWorkSpaceDemoTests.m in Sources */,
			);
			runOnlyForDeploymentPostprocessing = 0;
		};
		E617243720FB3B4100EF0520 /* Sources */ = {
			isa = PBXSourcesBuildPhase;
			buildActionMask = 2147483647;
			files = (
				E617244020FB3B4100EF0520 /* CIWorkSpaceDemoUITests.m in Sources */,
			);
			runOnlyForDeploymentPostprocessing = 0;
		};
/* End PBXSourcesBuildPhase section */

/* Begin PBXTargetDependency section */
		E617243220FB3B4100EF0520 /* PBXTargetDependency */ = {
			isa = PBXTargetDependency;
			target = E617241720FB3B4100EF0520 /* CIWorkSpaceDemo */;
			targetProxy = E617243120FB3B4100EF0520 /* PBXContainerItemProxy */;
		};
		E617243D20FB3B4100EF0520 /* PBXTargetDependency */ = {
			isa = PBXTargetDependency;
			target = E617241720FB3B4100EF0520 /* CIWorkSpaceDemo */;
			targetProxy = E617243C20FB3B4100EF0520 /* PBXContainerItemProxy */;
		};
/* End PBXTargetDependency section */

/* Begin PBXVariantGroup section */
		E617242120FB3B4100EF0520 /* Main.storyboard */ = {
			isa = PBXVariantGroup;
			children = (
				E617242220FB3B4100EF0520 /* Base */,
			);
			name = Main.storyboard;
			sourceTree = "<group>";
		};
		E617242620FB3B4100EF0520 /* LaunchScreen.storyboard */ = {
			isa = PBXVariantGroup;
			children = (
				E617242720FB3B4100EF0520 /* Base */,
			);
			name = LaunchScreen.storyboard;
			sourceTree = "<group>";
		};
/* End PBXVariantGroup section */

/* Begin XCBuildConfiguration section */
		E617244220FB3B4100EF0520 /* Debug */ = {
			isa = XCBuildConfiguration;
			buildSettings = {
				ALWAYS_SEARCH_USER_PATHS = NO;
				CLANG_ANALYZER_NONNULL = YES;
				CLANG_ANALYZER_NUMBER_OBJECT_CONVERSION = YES_AGGRESSIVE;
				CLANG_CXX_LANGUAGE_STANDARD = "gnu++14";
				CLANG_CXX_LIBRARY = "libc++";
				CLANG_ENABLE_MODULES = YES;
				CLANG_ENABLE_OBJC_ARC = YES;
				CLANG_WARN_BLOCK_CAPTURE_AUTORELEASING = YES;
				CLANG_WARN_BOOL_CONVERSION = YES;
				CLANG_WARN_COMMA = YES;
				CLANG_WARN_CONSTANT_CONVERSION = YES;
				CLANG_WARN_DIRECT_OBJC_ISA_USAGE = YES_ERROR;
				CLANG_WARN_DOCUMENTATION_COMMENTS = YES;
				CLANG_WARN_EMPTY_BODY = YES;
				CLANG_WARN_ENUM_CONVERSION = YES;
				CLANG_WARN_INFINITE_RECURSION = YES;
				CLANG_WARN_INT_CONVERSION = YES;
				CLANG_WARN_NON_LITERAL_NULL_CONVERSION = YES;
				CLANG_WARN_OBJC_LITERAL_CONVERSION = YES;
				CLANG_WARN_OBJC_ROOT_CLASS = YES_ERROR;
				CLANG_WARN_RANGE_LOOP_ANALYSIS = YES;
				CLANG_WARN_STRICT_PROTOTYPES = YES;
				CLANG_WARN_SUSPICIOUS_MOVE = YES;
				CLANG_WARN_UNGUARDED_AVAILABILITY = YES_AGGRESSIVE;
				CLANG_WARN_UNREACHABLE_CODE = YES;
				CLANG_WARN__DUPLICATE_METHOD_MATCH = YES;
				CODE_SIGN_IDENTITY = "iPhone Developer";
				COPY_PHASE_STRIP = NO;
				DEBUG_INFORMATION_FORMAT = dwarf;
				ENABLE_STRICT_OBJC_MSGSEND = YES;
				ENABLE_TESTABILITY = YES;
				GCC_C_LANGUAGE_STANDARD = gnu11;
				GCC_DYNAMIC_NO_PIC = NO;
				GCC_NO_COMMON_BLOCKS = YES;
				GCC_OPTIMIZATION_LEVEL = 0;
				GCC_PREPROCESSOR_DEFINITIONS = (
					"DEBUG=1",
					"$(inherited)",
				);
				GCC_WARN_64_TO_32_BIT_CONVERSION = YES;
				GCC_WARN_ABOUT_RETURN_TYPE = YES_ERROR;
				GCC_WARN_UNDECLARED_SELECTOR = YES;
				GCC_WARN_UNINITIALIZED_AUTOS = YES_AGGRESSIVE;
				GCC_WARN_UNUSED_FUNCTION = YES;
				GCC_WARN_UNUSED_VARIABLE = YES;
				IPHONEOS_DEPLOYMENT_TARGET = 11.1;
				MTL_ENABLE_DEBUG_INFO = YES;
				ONLY_ACTIVE_ARCH = YES;
				SDKROOT = iphoneos;
			};
			name = Debug;
		};
		E617244320FB3B4100EF0520 /* Release */ = {
			isa = XCBuildConfiguration;
			buildSettings = {
				ALWAYS_SEARCH_USER_PATHS = NO;
				CLANG_ANALYZER_NONNULL = YES;
				CLANG_ANALYZER_NUMBER_OBJECT_CONVERSION = YES_AGGRESSIVE;
				CLANG_CXX_LANGUAGE_STANDARD = "gnu++14";
				CLANG_CXX_LIBRARY = "libc++";
				CLANG_ENABLE_MODULES = YES;
				CLANG_ENABLE_OBJC_ARC = YES;
				CLANG_WARN_BLOCK_CAPTURE_AUTORELEASING = YES;
				CLANG_WARN_BOOL_CONVERSION = YES;
				CLANG_WARN_COMMA = YES;
				CLANG_WARN_CONSTANT_CONVERSION = YES;
				CLANG_WARN_DIRECT_OBJC_ISA_USAGE = YES_ERROR;
				CLANG_WARN_DOCUMENTATION_COMMENTS = YES;
				CLANG_WARN_EMPTY_BODY = YES;
				CLANG_WARN_ENUM_CONVERSION = YES;
				CLANG_WARN_INFINITE_RECURSION = YES;
				CLANG_WARN_INT_CONVERSION = YES;
				CLANG_WARN_NON_LITERAL_NULL_CONVERSION = YES;
				CLANG_WARN_OBJC_LITERAL_CONVERSION = YES;
				CLANG_WARN_OBJC_ROOT_CLASS = YES_ERROR;
				CLANG_WARN_RANGE_LOOP_ANALYSIS = YES;
				CLANG_WARN_STRICT_PROTOTYPES = YES;
				CLANG_WARN_SUSPICIOUS_MOVE = YES;
				CLANG_WARN_UNGUARDED_AVAILABILITY = YES_AGGRESSIVE;
				CLANG_WARN_UNREACHABLE_CODE = YES;
				CLANG_WARN__DUPLICATE_METHOD_MATCH = YES;
				CODE_SIGN_IDENTITY = "iPhone Developer";
				COPY_PHASE_STRIP = NO;
				DEBUG_INFORMATION_FORMAT = "dwarf-with-dsym";
				ENABLE_NS_ASSERTIONS = NO;
				ENABLE_STRICT_OBJC_MSGSEND = YES;
				GCC_C_LANGUAGE_STANDARD = gnu11;
				GCC_NO_COMMON_BLOCKS = YES;
				GCC_WARN_64_TO_32_BIT_CONVERSION = YES;
				GCC_WARN_ABOUT_RETURN_TYPE = YES_ERROR;
				GCC_WARN_UNDECLARED_SELECTOR = YES;
				GCC_WARN_UNINITIALIZED_AUTOS = YES_AGGRESSIVE;
				GCC_WARN_UNUSED_FUNCTION = YES;
				GCC_WARN_UNUSED_VARIABLE = YES;
				IPHONEOS_DEPLOYMENT_TARGET = 11.1;
				MTL_ENABLE_DEBUG_INFO = NO;
				SDKROOT = iphoneos;
				VALIDATE_PRODUCT = YES;
			};
			name = Release;
		};
		E617244520FB3B4100EF0520 /* Debug */ = {
			isa = XCBuildConfiguration;
			baseConfigurationReference = D3AA87C6C69265906AB68119 /* Pods-CIWorkSpaceDemo.debug.xcconfig */;
			buildSettings = {
				ASSETCATALOG_COMPILER_APPICON_NAME = AppIcon;
				CODE_SIGN_STYLE = Automatic;
				DEVELOPMENT_TEAM = 99LSSXFZX4;
				INFOPLIST_FILE = CIWorkSpaceDemo/Info.plist;
				LD_RUNPATH_SEARCH_PATHS = "$(inherited) @executable_path/Frameworks";
				PRODUCT_BUNDLE_IDENTIFIER = com.intsig.CIWorkSpaceDemo;
				PRODUCT_NAME = "$(TARGET_NAME)";
				TARGETED_DEVICE_FAMILY = "1,2";
			};
			name = Debug;
		};
		E617244620FB3B4100EF0520 /* Release */ = {
			isa = XCBuildConfiguration;
			baseConfigurationReference = 500F886D65BDC9F6C0DB44AC /* Pods-CIWorkSpaceDemo.release.xcconfig */;
			buildSettings = {
				ASSETCATALOG_COMPILER_APPICON_NAME = AppIcon;
				CODE_SIGN_STYLE = Automatic;
				DEVELOPMENT_TEAM = 99LSSXFZX4;
				INFOPLIST_FILE = CIWorkSpaceDemo/Info.plist;
				LD_RUNPATH_SEARCH_PATHS = "$(inherited) @executable_path/Frameworks";
				PRODUCT_BUNDLE_IDENTIFIER = com.intsig.CIWorkSpaceDemo;
				PRODUCT_NAME = "$(TARGET_NAME)";
				TARGETED_DEVICE_FAMILY = "1,2";
			};
			name = Release;
		};
		E617244820FB3B4100EF0520 /* Debug */ = {
			isa = XCBuildConfiguration;
			baseConfigurationReference = 5D08A44AF6968504AE5FBB9B /* Pods-CIWorkSpaceDemoTests.debug.xcconfig */;
			buildSettings = {
				BUNDLE_LOADER = "$(TEST_HOST)";
				CODE_SIGN_STYLE = Automatic;
				DEVELOPMENT_TEAM = 99LSSXFZX4;
				INFOPLIST_FILE = CIWorkSpaceDemoTests/Info.plist;
				LD_RUNPATH_SEARCH_PATHS = "$(inherited) @executable_path/Frameworks @loader_path/Frameworks";
				PRODUCT_BUNDLE_IDENTIFIER = com.intsig.CIProjectTest.CIWorkSpaceDemoTests;
				PRODUCT_NAME = "$(TARGET_NAME)";
				TARGETED_DEVICE_FAMILY = "1,2";
				TEST_HOST = "$(BUILT_PRODUCTS_DIR)/CIWorkSpaceDemo.app/CIWorkSpaceDemo";
			};
			name = Debug;
		};
		E617244920FB3B4100EF0520 /* Release */ = {
			isa = XCBuildConfiguration;
			baseConfigurationReference = 36A2295498F354F99BE24E12 /* Pods-CIWorkSpaceDemoTests.release.xcconfig */;
			buildSettings = {
				BUNDLE_LOADER = "$(TEST_HOST)";
				CODE_SIGN_STYLE = Automatic;
				DEVELOPMENT_TEAM = 99LSSXFZX4;
				INFOPLIST_FILE = CIWorkSpaceDemoTests/Info.plist;
				LD_RUNPATH_SEARCH_PATHS = "$(inherited) @executable_path/Frameworks @loader_path/Frameworks";
				PRODUCT_BUNDLE_IDENTIFIER = com.intsig.CIProjectTest.CIWorkSpaceDemoTests;
				PRODUCT_NAME = "$(TARGET_NAME)";
				TARGETED_DEVICE_FAMILY = "1,2";
				TEST_HOST = "$(BUILT_PRODUCTS_DIR)/CIWorkSpaceDemo.app/CIWorkSpaceDemo";
			};
			name = Release;
		};
		E617244B20FB3B4100EF0520 /* Debug */ = {
			isa = XCBuildConfiguration;
			baseConfigurationReference = 58FC6851034259A2F0F06477 /* Pods-CIWorkSpaceDemoUITests.debug.xcconfig */;
			buildSettings = {
				CODE_SIGN_STYLE = Automatic;
				DEVELOPMENT_TEAM = 99LSSXFZX4;
				INFOPLIST_FILE = CIWorkSpaceDemoUITests/Info.plist;
				LD_RUNPATH_SEARCH_PATHS = "$(inherited) @executable_path/Frameworks @loader_path/Frameworks";
				PRODUCT_BUNDLE_IDENTIFIER = com.intsig.CIProjectTest.CIWorkSpaceDemoUITests;
				PRODUCT_NAME = "$(TARGET_NAME)";
				TARGETED_DEVICE_FAMILY = "1,2";
				TEST_TARGET_NAME = CIWorkSpaceDemo;
			};
			name = Debug;
		};
		E617244C20FB3B4100EF0520 /* Release */ = {
			isa = XCBuildConfiguration;
			baseConfigurationReference = FD8A90711D7D1A4DA5F3C790 /* Pods-CIWorkSpaceDemoUITests.release.xcconfig */;
			buildSettings = {
				CODE_SIGN_STYLE = Automatic;
				DEVELOPMENT_TEAM = 99LSSXFZX4;
				INFOPLIST_FILE = CIWorkSpaceDemoUITests/Info.plist;
				LD_RUNPATH_SEARCH_PATHS = "$(inherited) @executable_path/Frameworks @loader_path/Frameworks";
				PRODUCT_BUNDLE_IDENTIFIER = com.intsig.CIProjectTest.CIWorkSpaceDemoUITests;
				PRODUCT_NAME = "$(TARGET_NAME)";
				TARGETED_DEVICE_FAMILY = "1,2";
				TEST_TARGET_NAME = CIWorkSpaceDemo;
			};
			name = Release;
		};
/* End XCBuildConfiguration section */

/* Begin XCConfigurationList section */
		E617241320FB3B4100EF0520 /* Build configuration list for PBXProject "CIWorkSpaceDemo" */ = {
			isa = XCConfigurationList;
			buildConfigurations = (
				E617244220FB3B4100EF0520 /* Debug */,
				E617244320FB3B4100EF0520 /* Release */,
			);
			defaultConfigurationIsVisible = 0;
			defaultConfigurationName = Release;
		};
		E617244420FB3B4100EF0520 /* Build configuration list for PBXNativeTarget "CIWorkSpaceDemo" */ = {
			isa = XCConfigurationList;
			buildConfigurations = (
				E617244520FB3B4100EF0520 /* Debug */,
				E617244620FB3B4100EF0520 /* Release */,
			);
			defaultConfigurationIsVisible = 0;
			defaultConfigurationName = Release;
		};
		E617244720FB3B4100EF0520 /* Build configuration list for PBXNativeTarget "CIWorkSpaceDemoTests" */ = {
			isa = XCConfigurationList;
			buildConfigurations = (
				E617244820FB3B4100EF0520 /* Debug */,
				E617244920FB3B4100EF0520 /* Release */,
			);
			defaultConfigurationIsVisible = 0;
			defaultConfigurationName = Release;
		};
		E617244A20FB3B4100EF0520 /* Build configuration list for PBXNativeTarget "CIWorkSpaceDemoUITests" */ = {
			isa = XCConfigurationList;
			buildConfigurations = (
				E617244B20FB3B4100EF0520 /* Debug */,
				E617244C20FB3B4100EF0520 /* Release */,
			);
			defaultConfigurationIsVisible = 0;
			defaultConfigurationName = Release;
		};
/* End XCConfigurationList section */
	};
	rootObject = E617241020FB3B4100EF0520 /* Project object */;
}
